{
  "name": "CS203Research",
  "lockfileVersion": 3,
  "requires": true,
  "packages": {
    "": {
      "dependencies": {
        "@1771technologies/lytenyte-core": "^1.0.12",
        "react": "^19.1.1",
        "react-dom": "^19.1.1"
      }
    },
    "node_modules/@1771technologies/lytenyte-core": {
      "version": "1.0.12",
      "resolved": "https://registry.npmjs.org/@1771technologies/lytenyte-core/-/lytenyte-core-1.0.12.tgz",
      "integrity": "sha512-BOwedc1cXLr0Ys1Hn8P133CLw5JBOVLOka5whFyvvh0uHm/PJsCPn9s+0Mn765TnzgRAX5QXvt5dGjxjaSfOSg==",
      "license": "Apache-2.0",
      "dependencies": {
        "@1771technologies/lytenyte-dom-utils": "1.0.12",
        "@1771technologies/lytenyte-dragon": "1.0.12",
        "@1771technologies/lytenyte-js-utils": "1.0.12",
        "@1771technologies/lytenyte-react-hooks": "^1.0.12",
        "@1771technologies/lytenyte-shared": "1.0.12"
      },
      "peerDependencies": {
        "react": "^18.0.0 || ^19.0.0",
        "react-dom": "^18.0.0 || ^19.0.0"
      }
    },
    "node_modules/@1771technologies/lytenyte-dom-utils": {
      "version": "1.0.12",
      "resolved": "https://registry.npmjs.org/@1771technologies/lytenyte-dom-utils/-/lytenyte-dom-utils-1.0.12.tgz",
      "integrity": "sha512-fsvaX14reDQQU3x3vEKskaSQtYggFhWLm4IWxxYDK7YQy+qMQ2BY1igMrrAxia0eaeDYXUq1p5Q4I0DGBzH1Ww==",
      "license": "Apache-2.0",
      "dependencies": {
        "@1771technologies/lytenyte-js-utils": "1.0.12"
      }
    },
    "node_modules/@1771technologies/lytenyte-dragon": {
      "version": "1.0.12",
      "resolved": "https://registry.npmjs.org/@1771technologies/lytenyte-dragon/-/lytenyte-dragon-1.0.12.tgz",
      "integrity": "sha512-bSEldPAt774/GixiL4zn4Ze5eO5/ih19mwT93yXt0ttKXFUNAOXN+DlronxvSm+X1tw/0fFuj3OUC1/bOK/UWQ==",
      "license": "Apache-2.0",
      "dependencies": {
        "@1771technologies/lytenyte-dom-utils": "1.0.12",
        "@1771technologies/lytenyte-js-utils": "1.0.12",
        "@1771technologies/lytenyte-react-hooks": "1.0.12",
        "@1771technologies/lytenyte-signal": "1.0.12"
      },
      "peerDependencies": {
        "react": "^18.0.0 || ^19.0.0",
        "react-dom": "^18.0.0 || ^19.0.0"
      }
    },
    "node_modules/@1771technologies/lytenyte-js-utils": {
      "version": "1.0.12",
      "resolved": "https://registry.npmjs.org/@1771technologies/lytenyte-js-utils/-/lytenyte-js-utils-1.0.12.tgz",
      "integrity": "sha512-BrknTCm2A15FmooOMqW0QTFXrfzRAwOVENXG+9PpoN5PkLqzrkvsW+dTLMRG6kkqyaJOuXuikC+60pM1yoj1pw==",
      "license": "Apache-2.0"
    },
    "node_modules/@1771technologies/lytenyte-object-equals": {
      "version": "1.0.12",
      "resolved": "https://registry.npmjs.org/@1771technologies/lytenyte-object-equals/-/lytenyte-object-equals-1.0.12.tgz",
      "integrity": "sha512-YUzhBDSJIYIw7yOqqZYwCRkpwgpCTQ7MbbfBzllBGxWbRWCTmJS6ZBex03l750rxRlBCnYyNy47o8LSgW418XQ==",
      "license": "Apache-2.0"
    },
    "node_modules/@1771technologies/lytenyte-react-hooks": {
      "version": "1.0.12",
      "resolved": "https://registry.npmjs.org/@1771technologies/lytenyte-react-hooks/-/lytenyte-react-hooks-1.0.12.tgz",
      "integrity": "sha512-N+lft6wYK3OQoC9cNkpVyCEvSMpFCwEc1eUXR3yo4/PmWaO1wYvKedMNkhCrJNWhMsxrO6rtvSiqZQUHa6B6dw==",
      "license": "Apache-2.0",
      "dependencies": {
        "@1771technologies/lytenyte-dom-utils": "1.0.12",
        "@1771technologies/lytenyte-js-utils": "1.0.12",
        "@1771technologies/lytenyte-object-equals": "1.0.12"
      },
      "peerDependencies": {
        "react": "^18.0.0 || ^19.0.0",
        "react-dom": "^18.0.0 || ^19.0.0"
      }
    },
    "node_modules/@1771technologies/lytenyte-shared": {
      "version": "1.0.12",
      "resolved": "https://registry.npmjs.org/@1771technologies/lytenyte-shared/-/lytenyte-shared-1.0.12.tgz",
      "integrity": "sha512-+Ewh3HAWU2s6SqvFeopd61aqZgDAucW6Etr/o3U6N2t8lcIgtzkLshSJ0f0fQw8ypNhTZRF85zMmZBUunCM/Gg==",
      "license": "Apache-2.0",
      "dependencies": {
        "@1771technologies/lytenyte-dom-utils": "1.0.12",
        "@1771technologies/lytenyte-dragon": "1.0.12",
        "@1771technologies/lytenyte-js-utils": "1.0.12",
        "@1771technologies/lytenyte-react-hooks": "^1.0.12",
        "@1771technologies/lytenyte-signal": "1.0.12"
      }
    },
    "node_modules/@1771technologies/lytenyte-signal": {
      "version": "1.0.12",
      "resolved": "https://registry.npmjs.org/@1771technologies/lytenyte-signal/-/lytenyte-signal-1.0.12.tgz",
      "integrity": "sha512-FLwQUUYBdLkICtGviO/EspVY0Xs2LuN2dZcWL5HKGXeBjkviT+ePniNQPntw4VuUinKc0FLFr/O3UMNoST4pFg==",
      "license": "Apache-2.0"
    },
    "node_modules/react": {
      "version": "19.1.1",
      "resolved": "https://registry.npmjs.org/react/-/react-19.1.1.tgz",
      "integrity": "sha512-w8nqGImo45dmMIfljjMwOGtbmC/mk4CMYhWIicdSflH91J9TyCyczcPFXJzrZ/ZXcgGRFeP6BU0BEJTw6tZdfQ==",
      "license": "MIT",
      "engines": {
        "node": ">=0.10.0"
      }
    },
    "node_modules/react-dom": {
      "version": "19.1.1",
      "resolved": "https://registry.npmjs.org/react-dom/-/react-dom-19.1.1.tgz",
      "integrity": "sha512-Dlq/5LAZgF0Gaz6yiqZCf6VCcZs1ghAJyrsu84Q/GT0gV+mCxbfmKNoGRKBYMJ8IEdGPqu49YWXD02GCknEDkw==",
      "license": "MIT",
      "dependencies": {
        "scheduler": "^0.26.0"
      },
      "peerDependencies": {
        "react": "^19.1.1"
      }
    },
    "node_modules/scheduler": {
      "version": "0.26.0",
      "resolved": "https://registry.npmjs.org/scheduler/-/scheduler-0.26.0.tgz",
      "integrity": "sha512-NlHwttCI/l5gCPR3D1nNXtWABUmBwvZpEQiD4IXSbIDq8BzLIK/7Ir5gTFSGZDUu37K5cMNp0hFtzO38sC7gWA==",
      "license": "MIT"
    }
  }
}
